// !$*UTF8*$!
{
	archiveVersion = 1;
	classes = {
	};
	objectVersion = 56;
	objects = {

/* Begin PBXBuildFile section */
		C7528513298166BE00BC35D2 /* TwoSquareView.swift in Sources */ = {isa = PBXBuildFile; fileRef = C7528512298166BE00BC35D2 /* TwoSquareView.swift */; };
		C752851C29817F1D00BC35D2 /* VC2.swift in Sources */ = {isa = PBXBuildFile; fileRef = C752851B29817F1D00BC35D2 /* VC2.swift */; };
		C7A3682B298A525700A5CCDE /* VC5.swift in Sources */ = {isa = PBXBuildFile; fileRef = C7A3682A298A525700A5CCDE /* VC5.swift */; };
		C7A3682D298AA74800A5CCDE /* VC6.swift in Sources */ = {isa = PBXBuildFile; fileRef = C7A3682C298AA74800A5CCDE /* VC6.swift */; };
		C7A3682F298AA83200A5CCDE /* ChildVC.swift in Sources */ = {isa = PBXBuildFile; fileRef = C7A3682E298AA83200A5CCDE /* ChildVC.swift */; };
		C7A8EA31297FEE16000ECF3C /* AppDelegate.swift in Sources */ = {isa = PBXBuildFile; fileRef = C7A8EA30297FEE16000ECF3C /* AppDelegate.swift */; };
		C7A8EA33297FEE16000ECF3C /* SceneDelegate.swift in Sources */ = {isa = PBXBuildFile; fileRef = C7A8EA32297FEE16000ECF3C /* SceneDelegate.swift */; };
		C7A8EA35297FEE16000ECF3C /* VC1.swift in Sources */ = {isa = PBXBuildFile; fileRef = C7A8EA34297FEE16000ECF3C /* VC1.swift */; };
		C7A8EA3A297FEE18000ECF3C /* Assets.xcassets in Resources */ = {isa = PBXBuildFile; fileRef = C7A8EA39297FEE18000ECF3C /* Assets.xcassets */; };
		C7A8EA3D297FEE18000ECF3C /* LaunchScreen.storyboard in Resources */ = {isa = PBXBuildFile; fileRef = C7A8EA3B297FEE18000ECF3C /* LaunchScreen.storyboard */; };
		C7BC97F12987A06200FD74D2 /* VC4.swift in Sources */ = {isa = PBXBuildFile; fileRef = C7BC97F02987A06200FD74D2 /* VC4.swift */; };
		C7FBCDF72988DEDA00897281 /* RootVC.swift in Sources */ = {isa = PBXBuildFile; fileRef = C7FBCDF62988DEDA00897281 /* RootVC.swift */; };
		C7FBCDFA2988E95C00897281 /* UIView ext.swift in Sources */ = {isa = PBXBuildFile; fileRef = C7FBCDF92988E95C00897281 /* UIView ext.swift */; };
		C7FBCDFC2988E99E00897281 /* UIButton ext.swift in Sources */ = {isa = PBXBuildFile; fileRef = C7FBCDFB2988E99E00897281 /* UIButton ext.swift */; };
		C7FBCDFE2988FB0600897281 /* UISlider ext.swift in Sources */ = {isa = PBXBuildFile; fileRef = C7FBCDFD2988FB0600897281 /* UISlider ext.swift */; };
		C7FBCE00298937EA00897281 /* VC3.swift in Sources */ = {isa = PBXBuildFile; fileRef = C7FBCDFF298937EA00897281 /* VC3.swift */; };
/* End PBXBuildFile section */

/* Begin PBXFileReference section */
		C7528512298166BE00BC35D2 /* TwoSquareView.swift */ = {isa = PBXFileReference; lastKnownFileType = sourcecode.swift; path = TwoSquareView.swift; sourceTree = "<group>"; };
		C752851B29817F1D00BC35D2 /* VC2.swift */ = {isa = PBXFileReference; lastKnownFileType = sourcecode.swift; path = VC2.swift; sourceTree = "<group>"; };
		C7A3682A298A525700A5CCDE /* VC5.swift */ = {isa = PBXFileReference; lastKnownFileType = sourcecode.swift; path = VC5.swift; sourceTree = "<group>"; };
		C7A3682C298AA74800A5CCDE /* VC6.swift */ = {isa = PBXFileReference; lastKnownFileType = sourcecode.swift; path = VC6.swift; sourceTree = "<group>"; };
		C7A3682E298AA83200A5CCDE /* ChildVC.swift */ = {isa = PBXFileReference; lastKnownFileType = sourcecode.swift; path = ChildVC.swift; sourceTree = "<group>"; };
		C7A8EA2D297FEE16000ECF3C /* AutoLayout with animations.app */ = {isa = PBXFileReference; explicitFileType = wrapper.application; includeInIndex = 0; path = "AutoLayout with animations.app"; sourceTree = BUILT_PRODUCTS_DIR; };
		C7A8EA30297FEE16000ECF3C /* AppDelegate.swift */ = {isa = PBXFileReference; lastKnownFileType = sourcecode.swift; path = AppDelegate.swift; sourceTree = "<group>"; };
		C7A8EA32297FEE16000ECF3C /* SceneDelegate.swift */ = {isa = PBXFileReference; lastKnownFileType = sourcecode.swift; path = SceneDelegate.swift; sourceTree = "<group>"; };
		C7A8EA34297FEE16000ECF3C /* VC1.swift */ = {isa = PBXFileReference; lastKnownFileType = sourcecode.swift; path = VC1.swift; sourceTree = "<group>"; };
		C7A8EA39297FEE18000ECF3C /* Assets.xcassets */ = {isa = PBXFileReference; lastKnownFileType = folder.assetcatalog; path = Assets.xcassets; sourceTree = "<group>"; };
		C7A8EA3C297FEE18000ECF3C /* Base */ = {isa = PBXFileReference; lastKnownFileType = file.storyboard; name = Base; path = Base.lproj/LaunchScreen.storyboard; sourceTree = "<group>"; };
		C7A8EA3E297FEE18000ECF3C /* Info.plist */ = {isa = PBXFileReference; lastKnownFileType = text.plist.xml; path = Info.plist; sourceTree = "<group>"; };
		C7BC97F02987A06200FD74D2 /* VC4.swift */ = {isa = PBXFileReference; lastKnownFileType = sourcecode.swift; path = VC4.swift; sourceTree = "<group>"; };
		C7FBCDF62988DEDA00897281 /* RootVC.swift */ = {isa = PBXFileReference; lastKnownFileType = sourcecode.swift; path = RootVC.swift; sourceTree = "<group>"; };
		C7FBCDF92988E95C00897281 /* UIView ext.swift */ = {isa = PBXFileReference; lastKnownFileType = sourcecode.swift; path = "UIView ext.swift"; sourceTree = "<group>"; };
		C7FBCDFB2988E99E00897281 /* UIButton ext.swift */ = {isa = PBXFileReference; lastKnownFileType = sourcecode.swift; path = "UIButton ext.swift"; sourceTree = "<group>"; };
		C7FBCDFD2988FB0600897281 /* UISlider ext.swift */ = {isa = PBXFileReference; lastKnownFileType = sourcecode.swift; path = "UISlider ext.swift"; sourceTree = "<group>"; };
		C7FBCDFF298937EA00897281 /* VC3.swift */ = {isa = PBXFileReference; lastKnownFileType = sourcecode.swift; path = VC3.swift; sourceTree = "<group>"; };
/* End PBXFileReference section */

/* Begin PBXFrameworksBuildPhase section */
		C7A8EA2A297FEE16000ECF3C /* Frameworks */ = {
			isa = PBXFrameworksBuildPhase;
			buildActionMask = 2147483647;
			files = (
			);
			runOnlyForDeploymentPostprocessing = 0;
		};
/* End PBXFrameworksBuildPhase section */

/* Begin PBXGroup section */
		C752851429817D2100BC35D2 /* Delegates */ = {
			isa = PBXGroup;
			children = (
				C7A8EA30297FEE16000ECF3C /* AppDelegate.swift */,
				C7A8EA32297FEE16000ECF3C /* SceneDelegate.swift */,
			);
			path = Delegates;
			sourceTree = "<group>";
		};
		C752851629817D3E00BC35D2 /* ViewControllers */ = {
			isa = PBXGroup;
			children = (
				C7FBCDF62988DEDA00897281 /* RootVC.swift */,
				C7A8EA34297FEE16000ECF3C /* VC1.swift */,
				C752851B29817F1D00BC35D2 /* VC2.swift */,
				C7FBCDFF298937EA00897281 /* VC3.swift */,
				C7BC97F02987A06200FD74D2 /* VC4.swift */,
				C7A3682A298A525700A5CCDE /* VC5.swift */,
				C7A3682C298AA74800A5CCDE /* VC6.swift */,
				C7A3682E298AA83200A5CCDE /* ChildVC.swift */,
			);
			path = ViewControllers;
			sourceTree = "<group>";
		};
		C752851729817D4F00BC35D2 /* Supporting Files */ = {
			isa = PBXGroup;
			children = (
				C7A8EA39297FEE18000ECF3C /* Assets.xcassets */,
				C7A8EA3E297FEE18000ECF3C /* Info.plist */,
				C7A8EA3B297FEE18000ECF3C /* LaunchScreen.storyboard */,
			);
			path = "Supporting Files";
			sourceTree = "<group>";
		};
		C752851829817D8A00BC35D2 /* Custom Classes */ = {
			isa = PBXGroup;
			children = (
				C7528512298166BE00BC35D2 /* TwoSquareView.swift */,
			);
			path = "Custom Classes";
			sourceTree = "<group>";
		};
		C7A8EA24297FEE16000ECF3C = {
			isa = PBXGroup;
			children = (
				C7A8EA2F297FEE16000ECF3C /* AutoLayout with animations */,
				C7A8EA2E297FEE16000ECF3C /* Products */,
			);
			sourceTree = "<group>";
		};
		C7A8EA2E297FEE16000ECF3C /* Products */ = {
			isa = PBXGroup;
			children = (
				C7A8EA2D297FEE16000ECF3C /* AutoLayout with animations.app */,
			);
			name = Products;
			sourceTree = "<group>";
		};
		C7A8EA2F297FEE16000ECF3C /* AutoLayout with animations */ = {
			isa = PBXGroup;
			children = (
				C7FBCDF82988E93800897281 /* Extensions */,
				C752851829817D8A00BC35D2 /* Custom Classes */,
				C752851729817D4F00BC35D2 /* Supporting Files */,
				C752851629817D3E00BC35D2 /* ViewControllers */,
				C752851429817D2100BC35D2 /* Delegates */,
			);
			path = "AutoLayout with animations";
			sourceTree = "<group>";
		};
		C7FBCDF82988E93800897281 /* Extensions */ = {
			isa = PBXGroup;
			children = (
				C7FBCDF92988E95C00897281 /* UIView ext.swift */,
				C7FBCDFB2988E99E00897281 /* UIButton ext.swift */,
				C7FBCDFD2988FB0600897281 /* UISlider ext.swift */,
			);
			path = Extensions;
			sourceTree = "<group>";
		};
/* End PBXGroup section */

/* Begin PBXNativeTarget section */
		C7A8EA2C297FEE16000ECF3C /* AutoLayout with animations */ = {
			isa = PBXNativeTarget;
			buildConfigurationList = C7A8EA41297FEE18000ECF3C /* Build configuration list for PBXNativeTarget "AutoLayout with animations" */;
			buildPhases = (
				C7A8EA29297FEE16000ECF3C /* Sources */,
				C7A8EA2A297FEE16000ECF3C /* Frameworks */,
				C7A8EA2B297FEE16000ECF3C /* Resources */,
			);
			buildRules = (
			);
			dependencies = (
			);
			name = "AutoLayout with animations";
			productName = AutoLayout;
			productReference = C7A8EA2D297FEE16000ECF3C /* AutoLayout with animations.app */;
			productType = "com.apple.product-type.application";
		};
/* End PBXNativeTarget section */

/* Begin PBXProject section */
		C7A8EA25297FEE16000ECF3C /* Project object */ = {
			isa = PBXProject;
			attributes = {
				BuildIndependentTargetsInParallel = 1;
				LastSwiftUpdateCheck = 1400;
				LastUpgradeCheck = 1400;
				TargetAttributes = {
					C7A8EA2C297FEE16000ECF3C = {
						CreatedOnToolsVersion = 14.0.1;
					};
				};
			};
			buildConfigurationList = C7A8EA28297FEE16000ECF3C /* Build configuration list for PBXProject "AutoLayout with animations" */;
			compatibilityVersion = "Xcode 14.0";
			developmentRegion = en;
			hasScannedForEncodings = 0;
			knownRegions = (
				en,
				Base,
			);
			mainGroup = C7A8EA24297FEE16000ECF3C;
			productRefGroup = C7A8EA2E297FEE16000ECF3C /* Products */;
			projectDirPath = "";
			projectRoot = "";
			targets = (
				C7A8EA2C297FEE16000ECF3C /* AutoLayout with animations */,
			);
		};
/* End PBXProject section */

/* Begin PBXResourcesBuildPhase section */
		C7A8EA2B297FEE16000ECF3C /* Resources */ = {
			isa = PBXResourcesBuildPhase;
			buildActionMask = 2147483647;
			files = (
				C7A8EA3D297FEE18000ECF3C /* LaunchScreen.storyboard in Resources */,
				C7A8EA3A297FEE18000ECF3C /* Assets.xcassets in Resources */,
			);
			runOnlyForDeploymentPostprocessing = 0;
		};
/* End PBXResourcesBuildPhase section */

/* Begin PBXSourcesBuildPhase section */
		C7A8EA29297FEE16000ECF3C /* Sources */ = {
			isa = PBXSourcesBuildPhase;
			buildActionMask = 2147483647;
			files = (
				C7A3682D298AA74800A5CCDE /* VC6.swift in Sources */,
				C7FBCDFE2988FB0600897281 /* UISlider ext.swift in Sources */,
				C7FBCDFA2988E95C00897281 /* UIView ext.swift in Sources */,
				C7FBCE00298937EA00897281 /* VC3.swift in Sources */,
				C7BC97F12987A06200FD74D2 /* VC4.swift in Sources */,
				C7528513298166BE00BC35D2 /* TwoSquareView.swift in Sources */,
				C7A8EA35297FEE16000ECF3C /* VC1.swift in Sources */,
				C7A3682B298A525700A5CCDE /* VC5.swift in Sources */,
				C7A8EA31297FEE16000ECF3C /* AppDelegate.swift in Sources */,
				C7A3682F298AA83200A5CCDE /* ChildVC.swift in Sources */,
				C7FBCDF72988DEDA00897281 /* RootVC.swift in Sources */,
				C7A8EA33297FEE16000ECF3C /* SceneDelegate.swift in Sources */,
				C752851C29817F1D00BC35D2 /* VC2.swift in Sources */,
				C7FBCDFC2988E99E00897281 /* UIButton ext.swift in Sources */,
			);
			runOnlyForDeploymentPostprocessing = 0;
		};
/* End PBXSourcesBuildPhase section */

/* Begin PBXVariantGroup section */
		C7A8EA3B297FEE18000ECF3C /* LaunchScreen.storyboard */ = {
			isa = PBXVariantGroup;
			children = (
				C7A8EA3C297FEE18000ECF3C /* Base */,
			);
			name = LaunchScreen.storyboard;
			sourceTree = "<group>";
		};
/* End PBXVariantGroup section */

/* Begin XCBuildConfiguration section */
		C7A8EA3F297FEE18000ECF3C /* Debug */ = {
			isa = XCBuildConfiguration;
			buildSettings = {
				ALWAYS_SEARCH_USER_PATHS = NO;
				CLANG_ANALYZER_NONNULL = YES;
				CLANG_ANALYZER_NUMBER_OBJECT_CONVERSION = YES_AGGRESSIVE;
				CLANG_CXX_LANGUAGE_STANDARD = "gnu++20";
				CLANG_ENABLE_MODULES = YES;
				CLANG_ENABLE_OBJC_ARC = YES;
				CLANG_ENABLE_OBJC_WEAK = YES;
				CLANG_WARN_BLOCK_CAPTURE_AUTORELEASING = YES;
				CLANG_WARN_BOOL_CONVERSION = YES;
				CLANG_WARN_COMMA = YES;
				CLANG_WARN_CONSTANT_CONVERSION = YES;
				CLANG_WARN_DEPRECATED_OBJC_IMPLEMENTATIONS = YES;
				CLANG_WARN_DIRECT_OBJC_ISA_USAGE = YES_ERROR;
				CLANG_WARN_DOCUMENTATION_COMMENTS = YES;
				CLANG_WARN_EMPTY_BODY = YES;
				CLANG_WARN_ENUM_CONVERSION = YES;
				CLANG_WARN_INFINITE_RECURSION = YES;
				CLANG_WARN_INT_CONVERSION = YES;
				CLANG_WARN_NON_LITERAL_NULL_CONVERSION = YES;
				CLANG_WARN_OBJC_IMPLICIT_RETAIN_SELF = YES;
				CLANG_WARN_OBJC_LITERAL_CONVERSION = YES;
				CLANG_WARN_OBJC_ROOT_CLASS = YES_ERROR;
				CLANG_WARN_QUOTED_INCLUDE_IN_FRAMEWORK_HEADER = YES;
				CLANG_WARN_RANGE_LOOP_ANALYSIS = YES;
				CLANG_WARN_STRICT_PROTOTYPES = YES;
				CLANG_WARN_SUSPICIOUS_MOVE = YES;
				CLANG_WARN_UNGUARDED_AVAILABILITY = YES_AGGRESSIVE;
				CLANG_WARN_UNREACHABLE_CODE = YES;
				CLANG_WARN__DUPLICATE_METHOD_MATCH = YES;
				COPY_PHASE_STRIP = NO;
				DEBUG_INFORMATION_FORMAT = dwarf;
				ENABLE_STRICT_OBJC_MSGSEND = YES;
				ENABLE_TESTABILITY = YES;
				GCC_C_LANGUAGE_STANDARD = gnu11;
				GCC_DYNAMIC_NO_PIC = NO;
				GCC_NO_COMMON_BLOCKS = YES;
				GCC_OPTIMIZATION_LEVEL = 0;
				GCC_PREPROCESSOR_DEFINITIONS = (
					"DEBUG=1",
					"$(inherited)",
				);
				GCC_WARN_64_TO_32_BIT_CONVERSION = YES;
				GCC_WARN_ABOUT_RETURN_TYPE = YES_ERROR;
				GCC_WARN_UNDECLARED_SELECTOR = YES;
				GCC_WARN_UNINITIALIZED_AUTOS = YES_AGGRESSIVE;
				GCC_WARN_UNUSED_FUNCTION = YES;
				GCC_WARN_UNUSED_VARIABLE = YES;
				IPHONEOS_DEPLOYMENT_TARGET = 16.0;
				MTL_ENABLE_DEBUG_INFO = INCLUDE_SOURCE;
				MTL_FAST_MATH = YES;
				ONLY_ACTIVE_ARCH = YES;
				SDKROOT = iphoneos;
				SWIFT_ACTIVE_COMPILATION_CONDITIONS = DEBUG;
				SWIFT_OPTIMIZATION_LEVEL = "-Onone";
			};
			name = Debug;
		};
		C7A8EA40297FEE18000ECF3C /* Release */ = {
			isa = XCBuildConfiguration;
			buildSettings = {
				ALWAYS_SEARCH_USER_PATHS = NO;
				CLANG_ANALYZER_NONNULL = YES;
				CLANG_ANALYZER_NUMBER_OBJECT_CONVERSION = YES_AGGRESSIVE;
				CLANG_CXX_LANGUAGE_STANDARD = "gnu++20";
				CLANG_ENABLE_MODULES = YES;
				CLANG_ENABLE_OBJC_ARC = YES;
				CLANG_ENABLE_OBJC_WEAK = YES;
				CLANG_WARN_BLOCK_CAPTURE_AUTORELEASING = YES;
				CLANG_WARN_BOOL_CONVERSION = YES;
				CLANG_WARN_COMMA = YES;
				CLANG_WARN_CONSTANT_CONVERSION = YES;
				CLANG_WARN_DEPRECATED_OBJC_IMPLEMENTATIONS = YES;
				CLANG_WARN_DIRECT_OBJC_ISA_USAGE = YES_ERROR;
				CLANG_WARN_DOCUMENTATION_COMMENTS = YES;
				CLANG_WARN_EMPTY_BODY = YES;
				CLANG_WARN_ENUM_CONVERSION = YES;
				CLANG_WARN_INFINITE_RECURSION = YES;
				CLANG_WARN_INT_CONVERSION = YES;
				CLANG_WARN_NON_LITERAL_NULL_CONVERSION = YES;
				CLANG_WARN_OBJC_IMPLICIT_RETAIN_SELF = YES;
				CLANG_WARN_OBJC_LITERAL_CONVERSION = YES;
				CLANG_WARN_OBJC_ROOT_CLASS = YES_ERROR;
				CLANG_WARN_QUOTED_INCLUDE_IN_FRAMEWORK_HEADER = YES;
				CLANG_WARN_RANGE_LOOP_ANALYSIS = YES;
				CLANG_WARN_STRICT_PROTOTYPES = YES;
				CLANG_WARN_SUSPICIOUS_MOVE = YES;
				CLANG_WARN_UNGUARDED_AVAILABILITY = YES_AGGRESSIVE;
				CLANG_WARN_UNREACHABLE_CODE = YES;
				CLANG_WARN__DUPLICATE_METHOD_MATCH = YES;
				COPY_PHASE_STRIP = NO;
				DEBUG_INFORMATION_FORMAT = "dwarf-with-dsym";
				ENABLE_NS_ASSERTIONS = NO;
				ENABLE_STRICT_OBJC_MSGSEND = YES;
				GCC_C_LANGUAGE_STANDARD = gnu11;
				GCC_NO_COMMON_BLOCKS = YES;
				GCC_WARN_64_TO_32_BIT_CONVERSION = YES;
				GCC_WARN_ABOUT_RETURN_TYPE = YES_ERROR;
				GCC_WARN_UNDECLARED_SELECTOR = YES;
				GCC_WARN_UNINITIALIZED_AUTOS = YES_AGGRESSIVE;
				GCC_WARN_UNUSED_FUNCTION = YES;
				GCC_WARN_UNUSED_VARIABLE = YES;
				IPHONEOS_DEPLOYMENT_TARGET = 16.0;
				MTL_ENABLE_DEBUG_INFO = NO;
				MTL_FAST_MATH = YES;
				SDKROOT = iphoneos;
				SWIFT_COMPILATION_MODE = wholemodule;
				SWIFT_OPTIMIZATION_LEVEL = "-O";
				VALIDATE_PRODUCT = YES;
			};
			name = Release;
		};
		C7A8EA42297FEE18000ECF3C /* Debug */ = {
			isa = XCBuildConfiguration;
			buildSettings = {
				ASSETCATALOG_COMPILER_APPICON_NAME = AppIcon;
				ASSETCATALOG_COMPILER_GLOBAL_ACCENT_COLOR_NAME = AccentColor;
				CODE_SIGN_STYLE = Automatic;
				CURRENT_PROJECT_VERSION = 1;
				DEVELOPMENT_TEAM = C5K64GS5PN;
				GENERATE_INFOPLIST_FILE = YES;
				INFOPLIST_FILE = "AutoLayout with animations/Supporting Files/Info.plist";
				INFOPLIST_KEY_UIApplicationSupportsIndirectInputEvents = YES;
				INFOPLIST_KEY_UILaunchStoryboardName = LaunchScreen;
				INFOPLIST_KEY_UISupportedInterfaceOrientations_iPad = "UIInterfaceOrientationPortrait UIInterfaceOrientationPortraitUpsideDown UIInterfaceOrientationLandscapeLeft UIInterfaceOrientationLandscapeRight";
				INFOPLIST_KEY_UISupportedInterfaceOrientations_iPhone = "UIInterfaceOrientationPortrait UIInterfaceOrientationLandscapeLeft UIInterfaceOrientationLandscapeRight";
				IPHONEOS_DEPLOYMENT_TARGET = 14.0;
				LD_RUNPATH_SEARCH_PATHS = (
					"$(inherited)",
					"@executable_path/Frameworks",
				);
				MARKETING_VERSION = 1.0;
				PRODUCT_BUNDLE_IDENTIFIER = "test-app.AutoLayout";
				PRODUCT_NAME = "$(TARGET_NAME)";
				SUPPORTED_PLATFORMS = "iphoneos iphonesimulator";
				SUPPORTS_MACCATALYST = NO;
				SUPPORTS_MAC_DESIGNED_FOR_IPHONE_IPAD = NO;
				SWIFT_EMIT_LOC_STRINGS = YES;
				SWIFT_VERSION = 5.0;
				TARGETED_DEVICE_FAMILY = "1,2";
			};
			name = Debug;
		};
		C7A8EA43297FEE18000ECF3C /* Release */ = {
			isa = XCBuildConfiguration;
			buildSettings = {
				ASSETCATALOG_COMPILER_APPICON_NAME = AppIcon;
				ASSETCATALOG_COMPILER_GLOBAL_ACCENT_COLOR_NAME = AccentColor;
				CODE_SIGN_STYLE = Automatic;
				CURRENT_PROJECT_VERSION = 1;
				DEVELOPMENT_TEAM = C5K64GS5PN;
				GENERATE_INFOPLIST_FILE = YES;
				INFOPLIST_FILE = "AutoLayout with animations/Supporting Files/Info.plist";
				INFOPLIST_KEY_UIApplicationSupportsIndirectInputEvents = YES;
				INFOPLIST_KEY_UILaunchStoryboardName = LaunchScreen;
				INFOPLIST_KEY_UISupportedInterfaceOrientations_iPad = "UIInterfaceOrientationPortrait UIInterfaceOrientationPortraitUpsideDown UIInterfaceOrientationLandscapeLeft UIInterfaceOrientationLandscapeRight";
				INFOPLIST_KEY_UISupportedInterfaceOrientations_iPhone = "UIInterfaceOrientationPortrait UIInterfaceOrientationLandscapeLeft UIInterfaceOrientationLandscapeRight";
				IPHONEOS_DEPLOYMENT_TARGET = 14.0;
				LD_RUNPATH_SEARCH_PATHS = (
					"$(inherited)",
					"@executable_path/Frameworks",
				);
				MARKETING_VERSION = 1.0;
				PRODUCT_BUNDLE_IDENTIFIER = "test-app.AutoLayout";
				PRODUCT_NAME = "$(TARGET_NAME)";
				SUPPORTED_PLATFORMS = "iphoneos iphonesimulator";
				SUPPORTS_MACCATALYST = NO;
				SUPPORTS_MAC_DESIGNED_FOR_IPHONE_IPAD = NO;
				SWIFT_EMIT_LOC_STRINGS = YES;
				SWIFT_VERSION = 5.0;
				TARGETED_DEVICE_FAMILY = "1,2";
			};
			name = Release;
		};
/* End XCBuildConfiguration section */

/* Begin XCConfigurationList section */
		C7A8EA28297FEE16000ECF3C /* Build configuration list for PBXProject "AutoLayout with animations" */ = {
			isa = XCConfigurationList;
			buildConfigurations = (
				C7A8EA3F297FEE18000ECF3C /* Debug */,
				C7A8EA40297FEE18000ECF3C /* Release */,
			);
			defaultConfigurationIsVisible = 0;
			defaultConfigurationName = Release;
		};
		C7A8EA41297FEE18000ECF3C /* Build configuration list for PBXNativeTarget "AutoLayout with animations" */ = {
			isa = XCConfigurationList;
			buildConfigurations = (
				C7A8EA42297FEE18000ECF3C /* Debug */,
				C7A8EA43297FEE18000ECF3C /* Release */,
			);
			defaultConfigurationIsVisible = 0;
			defaultConfigurationName = Release;
		};
/* End XCConfigurationList section */
	};
	rootObject = C7A8EA25297FEE16000ECF3C /* Project object */;
}
